// !$*UTF8*$!
{
	archiveVersion = 1;
	classes = {
	};
	objectVersion = 50;
	objects = {

/* Begin PBXBuildFile section */
		0B654FE525FADD4E005910A8 /* AppDelegate.swift in Sources */ = {isa = PBXBuildFile; fileRef = 0B654FE425FADD4E005910A8 /* AppDelegate.swift */; };
		0B654FE725FADD4E005910A8 /* SceneDelegate.swift in Sources */ = {isa = PBXBuildFile; fileRef = 0B654FE625FADD4E005910A8 /* SceneDelegate.swift */; };
		0B654FE925FADD4E005910A8 /* ViewController.swift in Sources */ = {isa = PBXBuildFile; fileRef = 0B654FE825FADD4E005910A8 /* ViewController.swift */; };
		0B654FEC25FADD4E005910A8 /* Main.storyboard in Resources */ = {isa = PBXBuildFile; fileRef = 0B654FEA25FADD4E005910A8 /* Main.storyboard */; };
		0B654FEE25FADD4F005910A8 /* Assets.xcassets in Resources */ = {isa = PBXBuildFile; fileRef = 0B654FED25FADD4F005910A8 /* Assets.xcassets */; };
		0B654FF125FADD4F005910A8 /* LaunchScreen.storyboard in Resources */ = {isa = PBXBuildFile; fileRef = 0B654FEF25FADD4F005910A8 /* LaunchScreen.storyboard */; };
		0B654FFC25FADD50005910A8 /* VisionKitTutorialTests.swift in Sources */ = {isa = PBXBuildFile; fileRef = 0B654FFB25FADD50005910A8 /* VisionKitTutorialTests.swift */; };
		0B65500725FADD50005910A8 /* VisionKitTutorialUITests.swift in Sources */ = {isa = PBXBuildFile; fileRef = 0B65500625FADD50005910A8 /* VisionKitTutorialUITests.swift */; };
		0B65501B25FAE4EE005910A8 /* ScanButton.swift in Sources */ = {isa = PBXBuildFile; fileRef = 0B65501A25FAE4EE005910A8 /* ScanButton.swift */; };
		0B65502025FAE6F7005910A8 /* ScanImageView.swift in Sources */ = {isa = PBXBuildFile; fileRef = 0B65501F25FAE6F7005910A8 /* ScanImageView.swift */; };
		0B65502525FAE88D005910A8 /* OcrTextView.swift in Sources */ = {isa = PBXBuildFile; fileRef = 0B65502425FAE88D005910A8 /* OcrTextView.swift */; };
/* End PBXBuildFile section */

/* Begin PBXContainerItemProxy section */
		0B654FF825FADD50005910A8 /* PBXContainerItemProxy */ = {
			isa = PBXContainerItemProxy;
			containerPortal = 0B654FD925FADD4E005910A8 /* Project object */;
			proxyType = 1;
			remoteGlobalIDString = 0B654FE025FADD4E005910A8;
			remoteInfo = VisionKitTutorial;
		};
		0B65500325FADD50005910A8 /* PBXContainerItemProxy */ = {
			isa = PBXContainerItemProxy;
			containerPortal = 0B654FD925FADD4E005910A8 /* Project object */;
			proxyType = 1;
			remoteGlobalIDString = 0B654FE025FADD4E005910A8;
			remoteInfo = VisionKitTutorial;
		};
/* End PBXContainerItemProxy section */

/* Begin PBXFileReference section */
		0B654FE125FADD4E005910A8 /* VisionKitTutorial.app */ = {isa = PBXFileReference; explicitFileType = wrapper.application; includeInIndex = 0; path = VisionKitTutorial.app; sourceTree = BUILT_PRODUCTS_DIR; };
		0B654FE425FADD4E005910A8 /* AppDelegate.swift */ = {isa = PBXFileReference; lastKnownFileType = sourcecode.swift; path = AppDelegate.swift; sourceTree = "<group>"; };
		0B654FE625FADD4E005910A8 /* SceneDelegate.swift */ = {isa = PBXFileReference; lastKnownFileType = sourcecode.swift; path = SceneDelegate.swift; sourceTree = "<group>"; };
		0B654FE825FADD4E005910A8 /* ViewController.swift */ = {isa = PBXFileReference; lastKnownFileType = sourcecode.swift; path = ViewController.swift; sourceTree = "<group>"; };
		0B654FEB25FADD4E005910A8 /* Base */ = {isa = PBXFileReference; lastKnownFileType = file.storyboard; name = Base; path = Base.lproj/Main.storyboard; sourceTree = "<group>"; };
		0B654FED25FADD4F005910A8 /* Assets.xcassets */ = {isa = PBXFileReference; lastKnownFileType = folder.assetcatalog; path = Assets.xcassets; sourceTree = "<group>"; };
		0B654FF025FADD4F005910A8 /* Base */ = {isa = PBXFileReference; lastKnownFileType = file.storyboard; name = Base; path = Base.lproj/LaunchScreen.storyboard; sourceTree = "<group>"; };
		0B654FF225FADD4F005910A8 /* Info.plist */ = {isa = PBXFileReference; lastKnownFileType = text.plist.xml; path = Info.plist; sourceTree = "<group>"; };
		0B654FF725FADD50005910A8 /* VisionKitTutorialTests.xctest */ = {isa = PBXFileReference; explicitFileType = wrapper.cfbundle; includeInIndex = 0; path = VisionKitTutorialTests.xctest; sourceTree = BUILT_PRODUCTS_DIR; };
		0B654FFB25FADD50005910A8 /* VisionKitTutorialTests.swift */ = {isa = PBXFileReference; lastKnownFileType = sourcecode.swift; path = VisionKitTutorialTests.swift; sourceTree = "<group>"; };
		0B654FFD25FADD50005910A8 /* Info.plist */ = {isa = PBXFileReference; lastKnownFileType = text.plist.xml; path = Info.plist; sourceTree = "<group>"; };
		0B65500225FADD50005910A8 /* VisionKitTutorialUITests.xctest */ = {isa = PBXFileReference; explicitFileType = wrapper.cfbundle; includeInIndex = 0; path = VisionKitTutorialUITests.xctest; sourceTree = BUILT_PRODUCTS_DIR; };
		0B65500625FADD50005910A8 /* VisionKitTutorialUITests.swift */ = {isa = PBXFileReference; lastKnownFileType = sourcecode.swift; path = VisionKitTutorialUITests.swift; sourceTree = "<group>"; };
		0B65500825FADD50005910A8 /* Info.plist */ = {isa = PBXFileReference; lastKnownFileType = text.plist.xml; path = Info.plist; sourceTree = "<group>"; };
		0B65501A25FAE4EE005910A8 /* ScanButton.swift */ = {isa = PBXFileReference; lastKnownFileType = sourcecode.swift; path = ScanButton.swift; sourceTree = "<group>"; };
		0B65501F25FAE6F7005910A8 /* ScanImageView.swift */ = {isa = PBXFileReference; lastKnownFileType = sourcecode.swift; path = ScanImageView.swift; sourceTree = "<group>"; };
		0B65502425FAE88D005910A8 /* OcrTextView.swift */ = {isa = PBXFileReference; lastKnownFileType = sourcecode.swift; path = OcrTextView.swift; sourceTree = "<group>"; };
/* End PBXFileReference section */

/* Begin PBXFrameworksBuildPhase section */
		0B654FDE25FADD4E005910A8 /* Frameworks */ = {
			isa = PBXFrameworksBuildPhase;
			buildActionMask = 2147483647;
			files = (
			);
			runOnlyForDeploymentPostprocessing = 0;
		};
		0B654FF425FADD50005910A8 /* Frameworks */ = {
			isa = PBXFrameworksBuildPhase;
			buildActionMask = 2147483647;
			files = (
			);
			runOnlyForDeploymentPostprocessing = 0;
		};
		0B654FFF25FADD50005910A8 /* Frameworks */ = {
			isa = PBXFrameworksBuildPhase;
			buildActionMask = 2147483647;
			files = (
			);
			runOnlyForDeploymentPostprocessing = 0;
		};
/* End PBXFrameworksBuildPhase section */

/* Begin PBXGroup section */
		0B654FD825FADD4E005910A8 = {
			isa = PBXGroup;
			children = (
				0B654FE325FADD4E005910A8 /* VisionKitTutorial */,
				0B654FFA25FADD50005910A8 /* VisionKitTutorialTests */,
				0B65500525FADD50005910A8 /* VisionKitTutorialUITests */,
				0B654FE225FADD4E005910A8 /* Products */,
			);
			sourceTree = "<group>";
		};
		0B654FE225FADD4E005910A8 /* Products */ = {
			isa = PBXGroup;
			children = (
				0B654FE125FADD4E005910A8 /* VisionKitTutorial.app */,
				0B654FF725FADD50005910A8 /* VisionKitTutorialTests.xctest */,
				0B65500225FADD50005910A8 /* VisionKitTutorialUITests.xctest */,
			);
			name = Products;
			sourceTree = "<group>";
		};
		0B654FE325FADD4E005910A8 /* VisionKitTutorial */ = {
			isa = PBXGroup;
			children = (
				0B654FE425FADD4E005910A8 /* AppDelegate.swift */,
				0B654FE625FADD4E005910A8 /* SceneDelegate.swift */,
				0B654FE825FADD4E005910A8 /* ViewController.swift */,
				0B654FEA25FADD4E005910A8 /* Main.storyboard */,
				0B654FED25FADD4F005910A8 /* Assets.xcassets */,
				0B654FEF25FADD4F005910A8 /* LaunchScreen.storyboard */,
				0B654FF225FADD4F005910A8 /* Info.plist */,
				0B65501A25FAE4EE005910A8 /* ScanButton.swift */,
				0B65501F25FAE6F7005910A8 /* ScanImageView.swift */,
				0B65502425FAE88D005910A8 /* OcrTextView.swift */,
			);
			path = VisionKitTutorial;
			sourceTree = "<group>";
		};
		0B654FFA25FADD50005910A8 /* VisionKitTutorialTests */ = {
			isa = PBXGroup;
			children = (
				0B654FFB25FADD50005910A8 /* VisionKitTutorialTests.swift */,
				0B654FFD25FADD50005910A8 /* Info.plist */,
			);
			path = VisionKitTutorialTests;
			sourceTree = "<group>";
		};
		0B65500525FADD50005910A8 /* VisionKitTutorialUITests */ = {
			isa = PBXGroup;
			children = (
				0B65500625FADD50005910A8 /* VisionKitTutorialUITests.swift */,
				0B65500825FADD50005910A8 /* Info.plist */,
			);
			path = VisionKitTutorialUITests;
			sourceTree = "<group>";
		};
/* End PBXGroup section */

/* Begin PBXNativeTarget section */
		0B654FE025FADD4E005910A8 /* VisionKitTutorial */ = {
			isa = PBXNativeTarget;
			buildConfigurationList = 0B65500B25FADD50005910A8 /* Build configuration list for PBXNativeTarget "VisionKitTutorial" */;
			buildPhases = (
				0B654FDD25FADD4E005910A8 /* Sources */,
				0B654FDE25FADD4E005910A8 /* Frameworks */,
				0B654FDF25FADD4E005910A8 /* Resources */,
			);
			buildRules = (
			);
			dependencies = (
			);
			name = VisionKitTutorial;
			productName = VisionKitTutorial;
			productReference = 0B654FE125FADD4E005910A8 /* VisionKitTutorial.app */;
			productType = "com.apple.product-type.application";
		};
		0B654FF625FADD50005910A8 /* VisionKitTutorialTests */ = {
			isa = PBXNativeTarget;
			buildConfigurationList = 0B65500E25FADD50005910A8 /* Build configuration list for PBXNativeTarget "VisionKitTutorialTests" */;
			buildPhases = (
				0B654FF325FADD50005910A8 /* Sources */,
				0B654FF425FADD50005910A8 /* Frameworks */,
				0B654FF525FADD50005910A8 /* Resources */,
			);
			buildRules = (
			);
			dependencies = (
				0B654FF925FADD50005910A8 /* PBXTargetDependency */,
			);
			name = VisionKitTutorialTests;
			productName = VisionKitTutorialTests;
			productReference = 0B654FF725FADD50005910A8 /* VisionKitTutorialTests.xctest */;
			productType = "com.apple.product-type.bundle.unit-test";
		};
		0B65500125FADD50005910A8 /* VisionKitTutorialUITests */ = {
			isa = PBXNativeTarget;
			buildConfigurationList = 0B65501125FADD50005910A8 /* Build configuration list for PBXNativeTarget "VisionKitTutorialUITests" */;
			buildPhases = (
				0B654FFE25FADD50005910A8 /* Sources */,
				0B654FFF25FADD50005910A8 /* Frameworks */,
				0B65500025FADD50005910A8 /* Resources */,
			);
			buildRules = (
			);
			dependencies = (
				0B65500425FADD50005910A8 /* PBXTargetDependency */,
			);
			name = VisionKitTutorialUITests;
			productName = VisionKitTutorialUITests;
			productReference = 0B65500225FADD50005910A8 /* VisionKitTutorialUITests.xctest */;
			productType = "com.apple.product-type.bundle.ui-testing";
		};
/* End PBXNativeTarget section */

/* Begin PBXProject section */
		0B654FD925FADD4E005910A8 /* Project object */ = {
			isa = PBXProject;
			attributes = {
				LastSwiftUpdateCheck = 1240;
				LastUpgradeCheck = 1240;
				TargetAttributes = {
					0B654FE025FADD4E005910A8 = {
						CreatedOnToolsVersion = 12.4;
					};
					0B654FF625FADD50005910A8 = {
						CreatedOnToolsVersion = 12.4;
						TestTargetID = 0B654FE025FADD4E005910A8;
					};
					0B65500125FADD50005910A8 = {
						CreatedOnToolsVersion = 12.4;
						TestTargetID = 0B654FE025FADD4E005910A8;
					};
				};
			};
			buildConfigurationList = 0B654FDC25FADD4E005910A8 /* Build configuration list for PBXProject "VisionKitTutorial" */;
			compatibilityVersion = "Xcode 9.3";
			developmentRegion = en;
			hasScannedForEncodings = 0;
			knownRegions = (
				en,
				Base,
			);
			mainGroup = 0B654FD825FADD4E005910A8;
			productRefGroup = 0B654FE225FADD4E005910A8 /* Products */;
			projectDirPath = "";
			projectRoot = "";
			targets = (
				0B654FE025FADD4E005910A8 /* VisionKitTutorial */,
				0B654FF625FADD50005910A8 /* VisionKitTutorialTests */,
				0B65500125FADD50005910A8 /* VisionKitTutorialUITests */,
			);
		};
/* End PBXProject section */

/* Begin PBXResourcesBuildPhase section */
		0B654FDF25FADD4E005910A8 /* Resources */ = {
			isa = PBXResourcesBuildPhase;
			buildActionMask = 2147483647;
			files = (
				0B654FF125FADD4F005910A8 /* LaunchScreen.storyboard in Resources */,
				0B654FEE25FADD4F005910A8 /* Assets.xcassets in Resources */,
				0B654FEC25FADD4E005910A8 /* Main.storyboard in Resources */,
			);
			runOnlyForDeploymentPostprocessing = 0;
		};
		0B654FF525FADD50005910A8 /* Resources */ = {
			isa = PBXResourcesBuildPhase;
			buildActionMask = 2147483647;
			files = (
			);
			runOnlyForDeploymentPostprocessing = 0;
		};
		0B65500025FADD50005910A8 /* Resources */ = {
			isa = PBXResourcesBuildPhase;
			buildActionMask = 2147483647;
			files = (
			);
			runOnlyForDeploymentPostprocessing = 0;
		};
/* End PBXResourcesBuildPhase section */

/* Begin PBXSourcesBuildPhase section */
		0B654FDD25FADD4E005910A8 /* Sources */ = {
			isa = PBXSourcesBuildPhase;
			buildActionMask = 2147483647;
			files = (
				0B65501B25FAE4EE005910A8 /* ScanButton.swift in Sources */,
				0B654FE925FADD4E005910A8 /* ViewController.swift in Sources */,
				0B654FE525FADD4E005910A8 /* AppDelegate.swift in Sources */,
				0B65502025FAE6F7005910A8 /* ScanImageView.swift in Sources */,
				0B65502525FAE88D005910A8 /* OcrTextView.swift in Sources */,
				0B654FE725FADD4E005910A8 /* SceneDelegate.swift in Sources */,
			);
			runOnlyForDeploymentPostprocessing = 0;
		};
		0B654FF325FADD50005910A8 /* Sources */ = {
			isa = PBXSourcesBuildPhase;
			buildActionMask = 2147483647;
			files = (
				0B654FFC25FADD50005910A8 /* VisionKitTutorialTests.swift in Sources */,
			);
			runOnlyForDeploymentPostprocessing = 0;
		};
		0B654FFE25FADD50005910A8 /* Sources */ = {
			isa = PBXSourcesBuildPhase;
			buildActionMask = 2147483647;
			files = (
				0B65500725FADD50005910A8 /* VisionKitTutorialUITests.swift in Sources */,
			);
			runOnlyForDeploymentPostprocessing = 0;
		};
/* End PBXSourcesBuildPhase section */

/* Begin PBXTargetDependency section */
		0B654FF925FADD50005910A8 /* PBXTargetDependency */ = {
			isa = PBXTargetDependency;
			target = 0B654FE025FADD4E005910A8 /* VisionKitTutorial */;
			targetProxy = 0B654FF825FADD50005910A8 /* PBXContainerItemProxy */;
		};
		0B65500425FADD50005910A8 /* PBXTargetDependency */ = {
			isa = PBXTargetDependency;
			target = 0B654FE025FADD4E005910A8 /* VisionKitTutorial */;
			targetProxy = 0B65500325FADD50005910A8 /* PBXContainerItemProxy */;
		};
/* End PBXTargetDependency section */

/* Begin PBXVariantGroup section */
		0B654FEA25FADD4E005910A8 /* Main.storyboard */ = {
			isa = PBXVariantGroup;
			children = (
				0B654FEB25FADD4E005910A8 /* Base */,
			);
			name = Main.storyboard;
			sourceTree = "<group>";
		};
		0B654FEF25FADD4F005910A8 /* LaunchScreen.storyboard */ = {
			isa = PBXVariantGroup;
			children = (
				0B654FF025FADD4F005910A8 /* Base */,
			);
			name = LaunchScreen.storyboard;
			sourceTree = "<group>";
		};
/* End PBXVariantGroup section */

/* Begin XCBuildConfiguration section */
		0B65500925FADD50005910A8 /* Debug */ = {
			isa = XCBuildConfiguration;
			buildSettings = {
				ALWAYS_SEARCH_USER_PATHS = NO;
				CLANG_ANALYZER_NONNULL = YES;
				CLANG_ANALYZER_NUMBER_OBJECT_CONVERSION = YES_AGGRESSIVE;
				CLANG_CXX_LANGUAGE_STANDARD = "gnu++14";
				CLANG_CXX_LIBRARY = "libc++";
				CLANG_ENABLE_MODULES = YES;
				CLANG_ENABLE_OBJC_ARC = YES;
				CLANG_ENABLE_OBJC_WEAK = YES;
				CLANG_WARN_BLOCK_CAPTURE_AUTORELEASING = YES;
				CLANG_WARN_BOOL_CONVERSION = YES;
				CLANG_WARN_COMMA = YES;
				CLANG_WARN_CONSTANT_CONVERSION = YES;
				CLANG_WARN_DEPRECATED_OBJC_IMPLEMENTATIONS = YES;
				CLANG_WARN_DIRECT_OBJC_ISA_USAGE = YES_ERROR;
				CLANG_WARN_DOCUMENTATION_COMMENTS = YES;
				CLANG_WARN_EMPTY_BODY = YES;
				CLANG_WARN_ENUM_CONVERSION = YES;
				CLANG_WARN_INFINITE_RECURSION = YES;
				CLANG_WARN_INT_CONVERSION = YES;
				CLANG_WARN_NON_LITERAL_NULL_CONVERSION = YES;
				CLANG_WARN_OBJC_IMPLICIT_RETAIN_SELF = YES;
				CLANG_WARN_OBJC_LITERAL_CONVERSION = YES;
				CLANG_WARN_OBJC_ROOT_CLASS = YES_ERROR;
				CLANG_WARN_QUOTED_INCLUDE_IN_FRAMEWORK_HEADER = YES;
				CLANG_WARN_RANGE_LOOP_ANALYSIS = YES;
				CLANG_WARN_STRICT_PROTOTYPES = YES;
				CLANG_WARN_SUSPICIOUS_MOVE = YES;
				CLANG_WARN_UNGUARDED_AVAILABILITY = YES_AGGRESSIVE;
				CLANG_WARN_UNREACHABLE_CODE = YES;
				CLANG_WARN__DUPLICATE_METHOD_MATCH = YES;
				COPY_PHASE_STRIP = NO;
				DEBUG_INFORMATION_FORMAT = dwarf;
				ENABLE_STRICT_OBJC_MSGSEND = YES;
				ENABLE_TESTABILITY = YES;
				GCC_C_LANGUAGE_STANDARD = gnu11;
				GCC_DYNAMIC_NO_PIC = NO;
				GCC_NO_COMMON_BLOCKS = YES;
				GCC_OPTIMIZATION_LEVEL = 0;
				GCC_PREPROCESSOR_DEFINITIONS = (
					"DEBUG=1",
					"$(inherited)",
				);
				GCC_WARN_64_TO_32_BIT_CONVERSION = YES;
				GCC_WARN_ABOUT_RETURN_TYPE = YES_ERROR;
				GCC_WARN_UNDECLARED_SELECTOR = YES;
				GCC_WARN_UNINITIALIZED_AUTOS = YES_AGGRESSIVE;
				GCC_WARN_UNUSED_FUNCTION = YES;
				GCC_WARN_UNUSED_VARIABLE = YES;
				IPHONEOS_DEPLOYMENT_TARGET = 14.4;
				MTL_ENABLE_DEBUG_INFO = INCLUDE_SOURCE;
				MTL_FAST_MATH = YES;
				ONLY_ACTIVE_ARCH = YES;
				SDKROOT = iphoneos;
				SWIFT_ACTIVE_COMPILATION_CONDITIONS = DEBUG;
				SWIFT_OPTIMIZATION_LEVEL = "-Onone";
			};
			name = Debug;
		};
		0B65500A25FADD50005910A8 /* Release */ = {
			isa = XCBuildConfiguration;
			buildSettings = {
				ALWAYS_SEARCH_USER_PATHS = NO;
				CLANG_ANALYZER_NONNULL = YES;
				CLANG_ANALYZER_NUMBER_OBJECT_CONVERSION = YES_AGGRESSIVE;
				CLANG_CXX_LANGUAGE_STANDARD = "gnu++14";
				CLANG_CXX_LIBRARY = "libc++";
				CLANG_ENABLE_MODULES = YES;
				CLANG_ENABLE_OBJC_ARC = YES;
				CLANG_ENABLE_OBJC_WEAK = YES;
				CLANG_WARN_BLOCK_CAPTURE_AUTORELEASING = YES;
				CLANG_WARN_BOOL_CONVERSION = YES;
				CLANG_WARN_COMMA = YES;
				CLANG_WARN_CONSTANT_CONVERSION = YES;
				CLANG_WARN_DEPRECATED_OBJC_IMPLEMENTATIONS = YES;
				CLANG_WARN_DIRECT_OBJC_ISA_USAGE = YES_ERROR;
				CLANG_WARN_DOCUMENTATION_COMMENTS = YES;
				CLANG_WARN_EMPTY_BODY = YES;
				CLANG_WARN_ENUM_CONVERSION = YES;
				CLANG_WARN_INFINITE_RECURSION = YES;
				CLANG_WARN_INT_CONVERSION = YES;
				CLANG_WARN_NON_LITERAL_NULL_CONVERSION = YES;
				CLANG_WARN_OBJC_IMPLICIT_RETAIN_SELF = YES;
				CLANG_WARN_OBJC_LITERAL_CONVERSION = YES;
				CLANG_WARN_OBJC_ROOT_CLASS = YES_ERROR;
				CLANG_WARN_QUOTED_INCLUDE_IN_FRAMEWORK_HEADER = YES;
				CLANG_WARN_RANGE_LOOP_ANALYSIS = YES;
				CLANG_WARN_STRICT_PROTOTYPES = YES;
				CLANG_WARN_SUSPICIOUS_MOVE = YES;
				CLANG_WARN_UNGUARDED_AVAILABILITY = YES_AGGRESSIVE;
				CLANG_WARN_UNREACHABLE_CODE = YES;
				CLANG_WARN__DUPLICATE_METHOD_MATCH = YES;
				COPY_PHASE_STRIP = NO;
				DEBUG_INFORMATION_FORMAT = "dwarf-with-dsym";
				ENABLE_NS_ASSERTIONS = NO;
				ENABLE_STRICT_OBJC_MSGSEND = YES;
				GCC_C_LANGUAGE_STANDARD = gnu11;
				GCC_NO_COMMON_BLOCKS = YES;
				GCC_WARN_64_TO_32_BIT_CONVERSION = YES;
				GCC_WARN_ABOUT_RETURN_TYPE = YES_ERROR;
				GCC_WARN_UNDECLARED_SELECTOR = YES;
				GCC_WARN_UNINITIALIZED_AUTOS = YES_AGGRESSIVE;
				GCC_WARN_UNUSED_FUNCTION = YES;
				GCC_WARN_UNUSED_VARIABLE = YES;
				IPHONEOS_DEPLOYMENT_TARGET = 14.4;
				MTL_ENABLE_DEBUG_INFO = NO;
				MTL_FAST_MATH = YES;
				SDKROOT = iphoneos;
				SWIFT_COMPILATION_MODE = wholemodule;
				SWIFT_OPTIMIZATION_LEVEL = "-O";
				VALIDATE_PRODUCT = YES;
			};
			name = Release;
		};
		0B65500C25FADD50005910A8 /* Debug */ = {
			isa = XCBuildConfiguration;
			buildSettings = {
				ASSETCATALOG_COMPILER_APPICON_NAME = AppIcon;
				ASSETCATALOG_COMPILER_GLOBAL_ACCENT_COLOR_NAME = AccentColor;
				CODE_SIGN_STYLE = Automatic;
				DEVELOPMENT_TEAM = WMJFD249HA;
				INFOPLIST_FILE = VisionKitTutorial/Info.plist;
				LD_RUNPATH_SEARCH_PATHS = (
					"$(inherited)",
					"@executable_path/Frameworks",
				);
				PRODUCT_BUNDLE_IDENTIFIER = A0133659.VisionKitTutorial;
				PRODUCT_NAME = "$(TARGET_NAME)";
				SWIFT_VERSION = 5.0;
				TARGETED_DEVICE_FAMILY = "1,2";
			};
			name = Debug;
		};
		0B65500D25FADD50005910A8 /* Release */ = {
			isa = XCBuildConfiguration;
			buildSettings = {
				ASSETCATALOG_COMPILER_APPICON_NAME = AppIcon;
				ASSETCATALOG_COMPILER_GLOBAL_ACCENT_COLOR_NAME = AccentColor;
				CODE_SIGN_STYLE = Automatic;
				DEVELOPMENT_TEAM = WMJFD249HA;
				INFOPLIST_FILE = VisionKitTutorial/Info.plist;
				LD_RUNPATH_SEARCH_PATHS = (
					"$(inherited)",
					"@executable_path/Frameworks",
				);
				PRODUCT_BUNDLE_IDENTIFIER = A0133659.VisionKitTutorial;
				PRODUCT_NAME = "$(TARGET_NAME)";
				SWIFT_VERSION = 5.0;
				TARGETED_DEVICE_FAMILY = "1,2";
			};
			name = Release;
		};
		0B65500F25FADD50005910A8 /* Debug */ = {
			isa = XCBuildConfiguration;
			buildSettings = {
				ALWAYS_EMBED_SWIFT_STANDARD_LIBRARIES = YES;
				BUNDLE_LOADER = "$(TEST_HOST)";
				CODE_SIGN_STYLE = Automatic;
				DEVELOPMENT_TEAM = WMJFD249HA;
				INFOPLIST_FILE = VisionKitTutorialTests/Info.plist;
				IPHONEOS_DEPLOYMENT_TARGET = 14.4;
				LD_RUNPATH_SEARCH_PATHS = (
					"$(inherited)",
					"@executable_path/Frameworks",
					"@loader_path/Frameworks",
				);
				PRODUCT_BUNDLE_IDENTIFIER = A0133659.VisionKitTutorialTests;
				PRODUCT_NAME = "$(TARGET_NAME)";
				SWIFT_VERSION = 5.0;
				TARGETED_DEVICE_FAMILY = "1,2";
				TEST_HOST = "$(BUILT_PRODUCTS_DIR)/VisionKitTutorial.app/VisionKitTutorial";
			};
			name = Debug;
		};
		0B65501025FADD50005910A8 /* Release */ = {
			isa = XCBuildConfiguration;
			buildSettings = {
				ALWAYS_EMBED_SWIFT_STANDARD_LIBRARIES = YES;
				BUNDLE_LOADER = "$(TEST_HOST)";
				CODE_SIGN_STYLE = Automatic;
				DEVELOPMENT_TEAM = WMJFD249HA;
				INFOPLIST_FILE = VisionKitTutorialTests/Info.plist;
				IPHONEOS_DEPLOYMENT_TARGET = 14.4;
				LD_RUNPATH_SEARCH_PATHS = (
					"$(inherited)",
					"@executable_path/Frameworks",
					"@loader_path/Frameworks",
				);
				PRODUCT_BUNDLE_IDENTIFIER = A0133659.VisionKitTutorialTests;
				PRODUCT_NAME = "$(TARGET_NAME)";
				SWIFT_VERSION = 5.0;
				TARGETED_DEVICE_FAMILY = "1,2";
				TEST_HOST = "$(BUILT_PRODUCTS_DIR)/VisionKitTutorial.app/VisionKitTutorial";
			};
			name = Release;
		};
		0B65501225FADD50005910A8 /* Debug */ = {
			isa = XCBuildConfiguration;
			buildSettings = {
				ALWAYS_EMBED_SWIFT_STANDARD_LIBRARIES = YES;
				CODE_SIGN_STYLE = Automatic;
				DEVELOPMENT_TEAM = WMJFD249HA;
				INFOPLIST_FILE = VisionKitTutorialUITests/Info.plist;
				LD_RUNPATH_SEARCH_PATHS = (
					"$(inherited)",
					"@executable_path/Frameworks",
					"@loader_path/Frameworks",
				);
				PRODUCT_BUNDLE_IDENTIFIER = A0133659.VisionKitTutorialUITests;
				PRODUCT_NAME = "$(TARGET_NAME)";
				SWIFT_VERSION = 5.0;
				TARGETED_DEVICE_FAMILY = "1,2";
				TEST_TARGET_NAME = VisionKitTutorial;
			};
			name = Debug;
		};
		0B65501325FADD50005910A8 /* Release */ = {
			isa = XCBuildConfiguration;
			buildSettings = {
				ALWAYS_EMBED_SWIFT_STANDARD_LIBRARIES = YES;
				CODE_SIGN_STYLE = Automatic;
				DEVELOPMENT_TEAM = WMJFD249HA;
				INFOPLIST_FILE = VisionKitTutorialUITests/Info.plist;
				LD_RUNPATH_SEARCH_PATHS = (
					"$(inherited)",
					"@executable_path/Frameworks",
					"@loader_path/Frameworks",
				);
				PRODUCT_BUNDLE_IDENTIFIER = A0133659.VisionKitTutorialUITests;
				PRODUCT_NAME = "$(TARGET_NAME)";
				SWIFT_VERSION = 5.0;
				TARGETED_DEVICE_FAMILY = "1,2";
				TEST_TARGET_NAME = VisionKitTutorial;
			};
			name = Release;
		};
/* End XCBuildConfiguration section */

/* Begin XCConfigurationList section */
		0B654FDC25FADD4E005910A8 /* Build configuration list for PBXProject "VisionKitTutorial" */ = {
			isa = XCConfigurationList;
			buildConfigurations = (
				0B65500925FADD50005910A8 /* Debug */,
				0B65500A25FADD50005910A8 /* Release */,
			);
			defaultConfigurationIsVisible = 0;
			defaultConfigurationName = Release;
		};
		0B65500B25FADD50005910A8 /* Build configuration list for PBXNativeTarget "VisionKitTutorial" */ = {
			isa = XCConfigurationList;
			buildConfigurations = (
				0B65500C25FADD50005910A8 /* Debug */,
				0B65500D25FADD50005910A8 /* Release */,
			);
			defaultConfigurationIsVisible = 0;
			defaultConfigurationName = Release;
		};
		0B65500E25FADD50005910A8 /* Build configuration list for PBXNativeTarget "VisionKitTutorialTests" */ = {
			isa = XCConfigurationList;
			buildConfigurations = (
				0B65500F25FADD50005910A8 /* Debug */,
				0B65501025FADD50005910A8 /* Release */,
			);
			defaultConfigurationIsVisible = 0;
			defaultConfigurationName = Release;
		};
		0B65501125FADD50005910A8 /* Build configuration list for PBXNativeTarget "VisionKitTutorialUITests" */ = {
			isa = XCConfigurationList;
			buildConfigurations = (
				0B65501225FADD50005910A8 /* Debug */,
				0B65501325FADD50005910A8 /* Release */,
			);
			defaultConfigurationIsVisible = 0;
			defaultConfigurationName = Release;
		};
/* End XCConfigurationList section */
	};
	rootObject = 0B654FD925FADD4E005910A8 /* Project object */;
}
